
Microsoft Visual Studio Solution File, Format Version 12.00
Project("{FAE04EC0-301F-11D3-BF4B-00C04F79EFBC}") = "Wealth.Backend", "Wealth\Wealth.Backend\Wealth.Backend.csproj", "{E4668EF3-A9CA-4BD2-9E5C-E2C8EB6606E4}"
EndProject
Project("{FAE04EC0-301F-11D3-BF4B-00C04F79EFBC}") = "Wealth.Services", "Wealth\Wealth.Services\Wealth.Services.csproj", "{E0AEC40E-EEBB-4A1A-AAE5-303D8932115D}"
EndProject
Project("{FAE04EC0-301F-11D3-BF4B-00C04F79EFBC}") = "Wealth.Infrastructure", "Wealth\Wealth.Infrastructure\Wealth.Infrastructure.csproj", "{08CA8294-B550-444B-AA01-3BBE4C6C676A}"
EndProject
Project("{FAE04EC0-301F-11D3-BF4B-00C04F79EFBC}") = "Wealth.Domain", "Wealth\Wealth.Domain\Wealth.Domain.csproj", "{E7E1A73E-3E4B-4195-B643-73DE03CBD2C9}"
EndProject
Project("{2150E333-8FDC-42A3-9474-1A3956D46DE8}") = "Wealth", "Wealth", "{AE83193B-7DD1-4A43-83E9-294B7FD52353}"
EndProject
Project("{2150E333-8FDC-42A3-9474-1A3956D46DE8}") = "Libs", "Libs", "{3DDA5C30-FACE-436D-88EE-00DD3B14CC74}"
EndProject
Project("{FAE04EC0-301F-11D3-BF4B-00C04F79EFBC}") = "DataAccess.Abstractions", "Libs\DataAccess\DataAccess.Abstractions\DataAccess.Abstractions.csproj", "{44E2BA44-9251-44CC-8E34-EDE7136B8525}"
EndProject
Project("{FAE04EC0-301F-11D3-BF4B-00C04F79EFBC}") = "DataAccess", "Libs\DataAccess\DataAccess\DataAccess.csproj", "{3AB1443A-331E-4D30-A67B-10DAD652FF12}"
EndProject
Project("{FAE04EC0-301F-11D3-BF4B-00C04F79EFBC}") = "DataAccess.Pg", "Libs\DataAccess\DataAccess.Pg\DataAccess.Pg.csproj", "{5B228A54-5640-4785-BB77-EAC097735ECD}"
EndProject
Project("{FAE04EC0-301F-11D3-BF4B-00C04F79EFBC}") = "DataAccess.Tests", "Libs\DataAccess\DataAccess.Tests\DataAccess.Tests.csproj", "{AEB42594-230E-4948-9A0F-1FFD1FF9FB01}"
EndProject
Project("{FAE04EC0-301F-11D3-BF4B-00C04F79EFBC}") = "DataAccess.Tests.Integration", "Libs\DataAccess\DataAccess.Tests.Integration\DataAccess.Tests.Integration.csproj", "{4691F22B-491F-40FF-8227-01D89CE23F11}"
EndProject
Project("{2150E333-8FDC-42A3-9474-1A3956D46DE8}") = "DataAccess", "Libs\DataAccess\DataAccess", "{954E6187-6B76-4D0D-A096-53673D29F4D1}"
EndProject
Project("{2150E333-8FDC-42A3-9474-1A3956D46DE8}") = "Moex", "Moex", "{DA5F0CBF-350B-455C-B380-F97342001816}"
EndProject
Project("{FAE04EC0-301F-11D3-BF4B-00C04F79EFBC}") = "Moex.Abstractions", "Libs\Moex\Moex.Abstractions\Moex.Abstractions.csproj", "{C64BEDDD-0487-4E50-83CC-59FA6B681845}"
EndProject
Project("{FAE04EC0-301F-11D3-BF4B-00C04F79EFBC}") = "Moex", "Libs\Moex\Moex\Moex.csproj", "{DEA7745E-DE50-4EE1-956C-616135DA10B5}"
EndProject
Project("{FAE04EC0-301F-11D3-BF4B-00C04F79EFBC}") = "Moex.Tests", "Libs\Moex\Moex.Tests\Moex.Tests.csproj", "{E753C26C-334F-40A1-BD1D-8FF877142126}"
EndProject
Project("{FAE04EC0-301F-11D3-BF4B-00C04F79EFBC}") = "Wealth.Tests", "Wealth\Wealth.Tests\Wealth.Tests.csproj", "{F99EAFFD-A19D-44E0-96AC-F6686C48B56A}"
EndProject
Project("{FAE04EC0-301F-11D3-BF4B-00C04F79EFBC}") = "Wealth.Tests.Integration", "Wealth\Wealth.Tests.Integration\Wealth.Tests.Integration.csproj", "{82A6782D-0F20-4C9D-85D7-9A794737D150}"
EndProject
Global
	GlobalSection(SolutionConfigurationPlatforms) = preSolution
		Debug|Any CPU = Debug|Any CPU
		Release|Any CPU = Release|Any CPU
	EndGlobalSection
	GlobalSection(ProjectConfigurationPlatforms) = postSolution
		{E4668EF3-A9CA-4BD2-9E5C-E2C8EB6606E4}.Debug|Any CPU.ActiveCfg = Debug|Any CPU
		{E4668EF3-A9CA-4BD2-9E5C-E2C8EB6606E4}.Debug|Any CPU.Build.0 = Debug|Any CPU
		{E4668EF3-A9CA-4BD2-9E5C-E2C8EB6606E4}.Release|Any CPU.ActiveCfg = Release|Any CPU
		{E4668EF3-A9CA-4BD2-9E5C-E2C8EB6606E4}.Release|Any CPU.Build.0 = Release|Any CPU
		{E0AEC40E-EEBB-4A1A-AAE5-303D8932115D}.Debug|Any CPU.ActiveCfg = Debug|Any CPU
		{E0AEC40E-EEBB-4A1A-AAE5-303D8932115D}.Debug|Any CPU.Build.0 = Debug|Any CPU
		{E0AEC40E-EEBB-4A1A-AAE5-303D8932115D}.Release|Any CPU.ActiveCfg = Release|Any CPU
		{E0AEC40E-EEBB-4A1A-AAE5-303D8932115D}.Release|Any CPU.Build.0 = Release|Any CPU
		{08CA8294-B550-444B-AA01-3BBE4C6C676A}.Debug|Any CPU.ActiveCfg = Debug|Any CPU
		{08CA8294-B550-444B-AA01-3BBE4C6C676A}.Debug|Any CPU.Build.0 = Debug|Any CPU
		{08CA8294-B550-444B-AA01-3BBE4C6C676A}.Release|Any CPU.ActiveCfg = Release|Any CPU
		{08CA8294-B550-444B-AA01-3BBE4C6C676A}.Release|Any CPU.Build.0 = Release|Any CPU
		{E7E1A73E-3E4B-4195-B643-73DE03CBD2C9}.Debug|Any CPU.ActiveCfg = Debug|Any CPU
		{E7E1A73E-3E4B-4195-B643-73DE03CBD2C9}.Debug|Any CPU.Build.0 = Debug|Any CPU
		{E7E1A73E-3E4B-4195-B643-73DE03CBD2C9}.Release|Any CPU.ActiveCfg = Release|Any CPU
		{E7E1A73E-3E4B-4195-B643-73DE03CBD2C9}.Release|Any CPU.Build.0 = Release|Any CPU
		{44E2BA44-9251-44CC-8E34-EDE7136B8525}.Debug|Any CPU.ActiveCfg = Debug|Any CPU
		{44E2BA44-9251-44CC-8E34-EDE7136B8525}.Debug|Any CPU.Build.0 = Debug|Any CPU
		{44E2BA44-9251-44CC-8E34-EDE7136B8525}.Release|Any CPU.ActiveCfg = Release|Any CPU
		{44E2BA44-9251-44CC-8E34-EDE7136B8525}.Release|Any CPU.Build.0 = Release|Any CPU
		{3AB1443A-331E-4D30-A67B-10DAD652FF12}.Debug|Any CPU.ActiveCfg = Debug|Any CPU
		{3AB1443A-331E-4D30-A67B-10DAD652FF12}.Debug|Any CPU.Build.0 = Debug|Any CPU
		{3AB1443A-331E-4D30-A67B-10DAD652FF12}.Release|Any CPU.ActiveCfg = Release|Any CPU
		{3AB1443A-331E-4D30-A67B-10DAD652FF12}.Release|Any CPU.Build.0 = Release|Any CPU
		{5B228A54-5640-4785-BB77-EAC097735ECD}.Debug|Any CPU.ActiveCfg = Debug|Any CPU
		{5B228A54-5640-4785-BB77-EAC097735ECD}.Debug|Any CPU.Build.0 = Debug|Any CPU
		{5B228A54-5640-4785-BB77-EAC097735ECD}.Release|Any CPU.ActiveCfg = Release|Any CPU
		{5B228A54-5640-4785-BB77-EAC097735ECD}.Release|Any CPU.Build.0 = Release|Any CPU
		{AEB42594-230E-4948-9A0F-1FFD1FF9FB01}.Debug|Any CPU.ActiveCfg = Debug|Any CPU
		{AEB42594-230E-4948-9A0F-1FFD1FF9FB01}.Debug|Any CPU.Build.0 = Debug|Any CPU
		{AEB42594-230E-4948-9A0F-1FFD1FF9FB01}.Release|Any CPU.ActiveCfg = Release|Any CPU
		{AEB42594-230E-4948-9A0F-1FFD1FF9FB01}.Release|Any CPU.Build.0 = Release|Any CPU
		{4691F22B-491F-40FF-8227-01D89CE23F11}.Debug|Any CPU.ActiveCfg = Debug|Any CPU
		{4691F22B-491F-40FF-8227-01D89CE23F11}.Debug|Any CPU.Build.0 = Debug|Any CPU
		{4691F22B-491F-40FF-8227-01D89CE23F11}.Release|Any CPU.ActiveCfg = Release|Any CPU
		{4691F22B-491F-40FF-8227-01D89CE23F11}.Release|Any CPU.Build.0 = Release|Any CPU
		{C64BEDDD-0487-4E50-83CC-59FA6B681845}.Debug|Any CPU.ActiveCfg = Debug|Any CPU
		{C64BEDDD-0487-4E50-83CC-59FA6B681845}.Debug|Any CPU.Build.0 = Debug|Any CPU
		{C64BEDDD-0487-4E50-83CC-59FA6B681845}.Release|Any CPU.ActiveCfg = Release|Any CPU
		{C64BEDDD-0487-4E50-83CC-59FA6B681845}.Release|Any CPU.Build.0 = Release|Any CPU
		{DEA7745E-DE50-4EE1-956C-616135DA10B5}.Debug|Any CPU.ActiveCfg = Debug|Any CPU
		{DEA7745E-DE50-4EE1-956C-616135DA10B5}.Debug|Any CPU.Build.0 = Debug|Any CPU
		{DEA7745E-DE50-4EE1-956C-616135DA10B5}.Release|Any CPU.ActiveCfg = Release|Any CPU
		{DEA7745E-DE50-4EE1-956C-616135DA10B5}.Release|Any CPU.Build.0 = Release|Any CPU
		{E753C26C-334F-40A1-BD1D-8FF877142126}.Debug|Any CPU.ActiveCfg = Debug|Any CPU
		{E753C26C-334F-40A1-BD1D-8FF877142126}.Debug|Any CPU.Build.0 = Debug|Any CPU
		{E753C26C-334F-40A1-BD1D-8FF877142126}.Release|Any CPU.ActiveCfg = Release|Any CPU
		{E753C26C-334F-40A1-BD1D-8FF877142126}.Release|Any CPU.Build.0 = Release|Any CPU
		{F99EAFFD-A19D-44E0-96AC-F6686C48B56A}.Debug|Any CPU.ActiveCfg = Debug|Any CPU
		{F99EAFFD-A19D-44E0-96AC-F6686C48B56A}.Debug|Any CPU.Build.0 = Debug|Any CPU
		{F99EAFFD-A19D-44E0-96AC-F6686C48B56A}.Release|Any CPU.ActiveCfg = Release|Any CPU
		{F99EAFFD-A19D-44E0-96AC-F6686C48B56A}.Release|Any CPU.Build.0 = Release|Any CPU
		{82A6782D-0F20-4C9D-85D7-9A794737D150}.Debug|Any CPU.ActiveCfg = Debug|Any CPU
		{82A6782D-0F20-4C9D-85D7-9A794737D150}.Debug|Any CPU.Build.0 = Debug|Any CPU
		{82A6782D-0F20-4C9D-85D7-9A794737D150}.Release|Any CPU.ActiveCfg = Release|Any CPU
		{82A6782D-0F20-4C9D-85D7-9A794737D150}.Release|Any CPU.Build.0 = Release|Any CPU
	EndGlobalSection
	GlobalSection(NestedProjects) = preSolution
		{E4668EF3-A9CA-4BD2-9E5C-E2C8EB6606E4} = {AE83193B-7DD1-4A43-83E9-294B7FD52353}
		{E7E1A73E-3E4B-4195-B643-73DE03CBD2C9} = {AE83193B-7DD1-4A43-83E9-294B7FD52353}
		{08CA8294-B550-444B-AA01-3BBE4C6C676A} = {AE83193B-7DD1-4A43-83E9-294B7FD52353}
		{E0AEC40E-EEBB-4A1A-AAE5-303D8932115D} = {AE83193B-7DD1-4A43-83E9-294B7FD52353}
		{954E6187-6B76-4D0D-A096-53673D29F4D1} = {3DDA5C30-FACE-436D-88EE-00DD3B14CC74}
		{3AB1443A-331E-4D30-A67B-10DAD652FF12} = {954E6187-6B76-4D0D-A096-53673D29F4D1}
		{44E2BA44-9251-44CC-8E34-EDE7136B8525} = {954E6187-6B76-4D0D-A096-53673D29F4D1}
		{5B228A54-5640-4785-BB77-EAC097735ECD} = {954E6187-6B76-4D0D-A096-53673D29F4D1}
		{AEB42594-230E-4948-9A0F-1FFD1FF9FB01} = {954E6187-6B76-4D0D-A096-53673D29F4D1}
		{4691F22B-491F-40FF-8227-01D89CE23F11} = {954E6187-6B76-4D0D-A096-53673D29F4D1}
		{DA5F0CBF-350B-455C-B380-F97342001816} = {3DDA5C30-FACE-436D-88EE-00DD3B14CC74}
		{C64BEDDD-0487-4E50-83CC-59FA6B681845} = {DA5F0CBF-350B-455C-B380-F97342001816}
		{DEA7745E-DE50-4EE1-956C-616135DA10B5} = {DA5F0CBF-350B-455C-B380-F97342001816}
		{E753C26C-334F-40A1-BD1D-8FF877142126} = {DA5F0CBF-350B-455C-B380-F97342001816}
		{F99EAFFD-A19D-44E0-96AC-F6686C48B56A} = {AE83193B-7DD1-4A43-83E9-294B7FD52353}
		{82A6782D-0F20-4C9D-85D7-9A794737D150} = {AE83193B-7DD1-4A43-83E9-294B7FD52353}
	EndGlobalSection
EndGlobal
